// !$*UTF8*$!
{
	archiveVersion = 1;
	classes = {
	};
	objectVersion = 46;
	objects = {

/* Begin PBXBuildFile section */
		DE2C42E11639677D008E6659 /* UIKit.framework in Frameworks */ = {isa = PBXBuildFile; fileRef = DE2C42E01639677D008E6659 /* UIKit.framework */; };
		DE2C42E31639677D008E6659 /* Foundation.framework in Frameworks */ = {isa = PBXBuildFile; fileRef = DE2C42E21639677D008E6659 /* Foundation.framework */; };
		DE2C42E51639677D008E6659 /* CoreGraphics.framework in Frameworks */ = {isa = PBXBuildFile; fileRef = DE2C42E41639677D008E6659 /* CoreGraphics.framework */; };
		DE2C42EB1639677D008E6659 /* InfoPlist.strings in Resources */ = {isa = PBXBuildFile; fileRef = DE2C42E91639677D008E6659 /* InfoPlist.strings */; };
		DE2C42ED1639677D008E6659 /* main.m in Sources */ = {isa = PBXBuildFile; fileRef = DE2C42EC1639677D008E6659 /* main.m */; };
		DE2C42F11639677D008E6659 /* AppDelegate.m in Sources */ = {isa = PBXBuildFile; fileRef = DE2C42F01639677D008E6659 /* AppDelegate.m */; };
		DE2C42F31639677D008E6659 /* Default.png in Resources */ = {isa = PBXBuildFile; fileRef = DE2C42F21639677D008E6659 /* Default.png */; };
		DE2C42F51639677D008E6659 /* Default@2x.png in Resources */ = {isa = PBXBuildFile; fileRef = DE2C42F41639677D008E6659 /* Default@2x.png */; };
		DE2C42F71639677D008E6659 /* Default-568h@2x.png in Resources */ = {isa = PBXBuildFile; fileRef = DE2C42F61639677D008E6659 /* Default-568h@2x.png */; };
		DE2C42FA1639677D008E6659 /* MainStoryboard.storyboard in Resources */ = {isa = PBXBuildFile; fileRef = DE2C42F81639677D008E6659 /* MainStoryboard.storyboard */; };
		DE2C42FD1639677D008E6659 /* ViewController.m in Sources */ = {isa = PBXBuildFile; fileRef = DE2C42FC1639677D008E6659 /* ViewController.m */; };
		DE2C430416396932008E6659 /* background.jpg in Resources */ = {isa = PBXBuildFile; fileRef = DE2C430316396932008E6659 /* background.jpg */; };
		DE2C432E16396F3B008E6659 /* Number.m in Sources */ = {isa = PBXBuildFile; fileRef = DE2C432D16396F3B008E6659 /* Number.m */; };
		DE2C433116396F4B008E6659 /* BinConverter.m in Sources */ = {isa = PBXBuildFile; fileRef = DE2C433016396F4B008E6659 /* BinConverter.m */; };
		DE2C433416396F51008E6659 /* HexConverter.m in Sources */ = {isa = PBXBuildFile; fileRef = DE2C433316396F51008E6659 /* HexConverter.m */; };
/* End PBXBuildFile section */

/* Begin PBXFileReference section */
		DE2C42DC1639677D008E6659 /* Converter.app */ = {isa = PBXFileReference; explicitFileType = wrapper.application; includeInIndex = 0; path = Converter.app; sourceTree = BUILT_PRODUCTS_DIR; };
		DE2C42E01639677D008E6659 /* UIKit.framework */ = {isa = PBXFileReference; lastKnownFileType = wrapper.framework; name = UIKit.framework; path = System/Library/Frameworks/UIKit.framework; sourceTree = SDKROOT; };
		DE2C42E21639677D008E6659 /* Foundation.framework */ = {isa = PBXFileReference; lastKnownFileType = wrapper.framework; name = Foundation.framework; path = System/Library/Frameworks/Foundation.framework; sourceTree = SDKROOT; };
		DE2C42E41639677D008E6659 /* CoreGraphics.framework */ = {isa = PBXFileReference; lastKnownFileType = wrapper.framework; name = CoreGraphics.framework; path = System/Library/Frameworks/CoreGraphics.framework; sourceTree = SDKROOT; };
		DE2C42E81639677D008E6659 /* Converter-Info.plist */ = {isa = PBXFileReference; lastKnownFileType = text.plist.xml; path = "Converter-Info.plist"; sourceTree = "<group>"; };
		DE2C42EA1639677D008E6659 /* en */ = {isa = PBXFileReference; lastKnownFileType = text.plist.strings; name = en; path = en.lproj/InfoPlist.strings; sourceTree = "<group>"; };
		DE2C42EC1639677D008E6659 /* main.m */ = {isa = PBXFileReference; lastKnownFileType = sourcecode.c.objc; path = main.m; sourceTree = "<group>"; };
		DE2C42EE1639677D008E6659 /* Converter-Prefix.pch */ = {isa = PBXFileReference; lastKnownFileType = sourcecode.c.h; path = "Converter-Prefix.pch"; sourceTree = "<group>"; };
		DE2C42EF1639677D008E6659 /* AppDelegate.h */ = {isa = PBXFileReference; lastKnownFileType = sourcecode.c.h; path = AppDelegate.h; sourceTree = "<group>"; };
		DE2C42F01639677D008E6659 /* AppDelegate.m */ = {isa = PBXFileReference; lastKnownFileType = sourcecode.c.objc; path = AppDelegate.m; sourceTree = "<group>"; };
		DE2C42F21639677D008E6659 /* Default.png */ = {isa = PBXFileReference; lastKnownFileType = image.png; path = Default.png; sourceTree = "<group>"; };
		DE2C42F41639677D008E6659 /* Default@2x.png */ = {isa = PBXFileReference; lastKnownFileType = image.png; path = "Default@2x.png"; sourceTree = "<group>"; };
		DE2C42F61639677D008E6659 /* Default-568h@2x.png */ = {isa = PBXFileReference; lastKnownFileType = image.png; path = "Default-568h@2x.png"; sourceTree = "<group>"; };
		DE2C42F91639677D008E6659 /* en */ = {isa = PBXFileReference; lastKnownFileType = file.storyboard; name = en; path = en.lproj/MainStoryboard.storyboard; sourceTree = "<group>"; };
		DE2C42FB1639677D008E6659 /* ViewController.h */ = {isa = PBXFileReference; lastKnownFileType = sourcecode.c.h; path = ViewController.h; sourceTree = "<group>"; };
		DE2C42FC1639677D008E6659 /* ViewController.m */ = {isa = PBXFileReference; lastKnownFileType = sourcecode.c.objc; path = ViewController.m; sourceTree = "<group>"; };
		DE2C430316396932008E6659 /* background.jpg */ = {isa = PBXFileReference; lastKnownFileType = image.jpeg; path = background.jpg; sourceTree = "<group>"; };
		DE2C432C16396F3B008E6659 /* Number.h */ = {isa = PBXFileReference; fileEncoding = 4; lastKnownFileType = sourcecode.c.h; path = Number.h; sourceTree = "<group>"; };
		DE2C432D16396F3B008E6659 /* Number.m */ = {isa = PBXFileReference; fileEncoding = 4; lastKnownFileType = sourcecode.c.objc; path = Number.m; sourceTree = "<group>"; };
		DE2C432F16396F4B008E6659 /* BinConverter.h */ = {isa = PBXFileReference; fileEncoding = 4; lastKnownFileType = sourcecode.c.h; path = BinConverter.h; sourceTree = "<group>"; };
		DE2C433016396F4B008E6659 /* BinConverter.m */ = {isa = PBXFileReference; fileEncoding = 4; lastKnownFileType = sourcecode.c.objc; path = BinConverter.m; sourceTree = "<group>"; };
		DE2C433216396F51008E6659 /* HexConverter.h */ = {isa = PBXFileReference; fileEncoding = 4; lastKnownFileType = sourcecode.c.h; path = HexConverter.h; sourceTree = "<group>"; };
		DE2C433316396F51008E6659 /* HexConverter.m */ = {isa = PBXFileReference; fileEncoding = 4; lastKnownFileType = sourcecode.c.objc; path = HexConverter.m; sourceTree = "<group>"; };
		DE2C433516396F78008E6659 /* Converter.h */ = {isa = PBXFileReference; lastKnownFileType = sourcecode.c.h; path = Converter.h; sourceTree = "<group>"; };
/* End PBXFileReference section */

/* Begin PBXFrameworksBuildPhase section */
		DE2C42D91639677D008E6659 /* Frameworks */ = {
			isa = PBXFrameworksBuildPhase;
			buildActionMask = 2147483647;
			files = (
				DE2C42E11639677D008E6659 /* UIKit.framework in Frameworks */,
				DE2C42E31639677D008E6659 /* Foundation.framework in Frameworks */,
				DE2C42E51639677D008E6659 /* CoreGraphics.framework in Frameworks */,
			);
			runOnlyForDeploymentPostprocessing = 0;
		};
/* End PBXFrameworksBuildPhase section */

/* Begin PBXGroup section */
		DE2C42D11639677D008E6659 = {
			isa = PBXGroup;
			children = (
				DE2C42E61639677D008E6659 /* Converter */,
				DE2C42DF1639677D008E6659 /* Frameworks */,
				DE2C42DD1639677D008E6659 /* Products */,
			);
			sourceTree = "<group>";
		};
		DE2C42DD1639677D008E6659 /* Products */ = {
			isa = PBXGroup;
			children = (
				DE2C42DC1639677D008E6659 /* Converter.app */,
			);
			name = Products;
			sourceTree = "<group>";
		};
		DE2C42DF1639677D008E6659 /* Frameworks */ = {
			isa = PBXGroup;
			children = (
				DE2C42E01639677D008E6659 /* UIKit.framework */,
				DE2C42E21639677D008E6659 /* Foundation.framework */,
				DE2C42E41639677D008E6659 /* CoreGraphics.framework */,
			);
			name = Frameworks;
			sourceTree = "<group>";
		};
		DE2C42E61639677D008E6659 /* Converter */ = {
			isa = PBXGroup;
			children = (
				DE2C42EF1639677D008E6659 /* AppDelegate.h */,
				DE2C42F01639677D008E6659 /* AppDelegate.m */,
				DE2C42F81639677D008E6659 /* MainStoryboard.storyboard */,
				DE2C42FB1639677D008E6659 /* ViewController.h */,
				DE2C432C16396F3B008E6659 /* Number.h */,
				DE2C433516396F78008E6659 /* Converter.h */,
				DE2C432D16396F3B008E6659 /* Number.m */,
				DE2C432F16396F4B008E6659 /* BinConverter.h */,
				DE2C433016396F4B008E6659 /* BinConverter.m */,
				DE2C433216396F51008E6659 /* HexConverter.h */,
				DE2C433316396F51008E6659 /* HexConverter.m */,
				DE2C42FC1639677D008E6659 /* ViewController.m */,
				DE2C42E71639677D008E6659 /* Supporting Files */,
			);
			path = Converter;
			sourceTree = "<group>";
		};
		DE2C42E71639677D008E6659 /* Supporting Files */ = {
			isa = PBXGroup;
			children = (
				DE2C430316396932008E6659 /* background.jpg */,
				DE2C42E81639677D008E6659 /* Converter-Info.plist */,
				DE2C42E91639677D008E6659 /* InfoPlist.strings */,
				DE2C42EC1639677D008E6659 /* main.m */,
				DE2C42EE1639677D008E6659 /* Converter-Prefix.pch */,
				DE2C42F21639677D008E6659 /* Default.png */,
				DE2C42F41639677D008E6659 /* Default@2x.png */,
				DE2C42F61639677D008E6659 /* Default-568h@2x.png */,
			);
			name = "Supporting Files";
			sourceTree = "<group>";
		};
/* End PBXGroup section */

/* Begin PBXNativeTarget section */
		DE2C42DB1639677D008E6659 /* Converter */ = {
			isa = PBXNativeTarget;
			buildConfigurationList = DE2C43001639677D008E6659 /* Build configuration list for PBXNativeTarget "Converter" */;
			buildPhases = (
				DE2C42D81639677D008E6659 /* Sources */,
				DE2C42D91639677D008E6659 /* Frameworks */,
				DE2C42DA1639677D008E6659 /* Resources */,
			);
			buildRules = (
			);
			dependencies = (
			);
			name = Converter;
			productName = Converter;
			productReference = DE2C42DC1639677D008E6659 /* Converter.app */;
			productType = "com.apple.product-type.application";
		};
/* End PBXNativeTarget section */

/* Begin PBXProject section */
		DE2C42D31639677D008E6659 /* Project object */ = {
			isa = PBXProject;
			attributes = {
				LastUpgradeCheck = 0450;
				ORGANIZATIONNAME = "Daniel Schmidt";
			};
			buildConfigurationList = DE2C42D61639677D008E6659 /* Build configuration list for PBXProject "Converter" */;
			compatibilityVersion = "Xcode 3.2";
			developmentRegion = English;
			hasScannedForEncodings = 0;
			knownRegions = (
				en,
			);
			mainGroup = DE2C42D11639677D008E6659;
			productRefGroup = DE2C42DD1639677D008E6659 /* Products */;
			projectDirPath = "";
			projectRoot = "";
			targets = (
				DE2C42DB1639677D008E6659 /* Converter */,
			);
		};
/* End PBXProject section */

/* Begin PBXResourcesBuildPhase section */
		DE2C42DA1639677D008E6659 /* Resources */ = {
			isa = PBXResourcesBuildPhase;
			buildActionMask = 2147483647;
			files = (
				DE2C42EB1639677D008E6659 /* InfoPlist.strings in Resources */,
				DE2C42F31639677D008E6659 /* Default.png in Resources */,
				DE2C42F51639677D008E6659 /* Default@2x.png in Resources */,
				DE2C42F71639677D008E6659 /* Default-568h@2x.png in Resources */,
				DE2C42FA1639677D008E6659 /* MainStoryboard.storyboard in Resources */,
				DE2C430416396932008E6659 /* background.jpg in Resources */,
			);
			runOnlyForDeploymentPostprocessing = 0;
		};
/* End PBXResourcesBuildPhase section */

/* Begin PBXSourcesBuildPhase section */
		DE2C42D81639677D008E6659 /* Sources */ = {
			isa = PBXSourcesBuildPhase;
			buildActionMask = 2147483647;
			files = (
				DE2C42ED1639677D008E6659 /* main.m in Sources */,
				DE2C42F11639677D008E6659 /* AppDelegate.m in Sources */,
				DE2C42FD1639677D008E6659 /* ViewController.m in Sources */,
				DE2C432E16396F3B008E6659 /* Number.m in Sources */,
				DE2C433116396F4B008E6659 /* BinConverter.m in Sources */,
				DE2C433416396F51008E6659 /* HexConverter.m in Sources */,
			);
			runOnlyForDeploymentPostprocessing = 0;
		};
/* End PBXSourcesBuildPhase section */

/* Begin PBXVariantGroup section */
		DE2C42E91639677D008E6659 /* InfoPlist.strings */ = {
			isa = PBXVariantGroup;
			children = (
				DE2C42EA1639677D008E6659 /* en */,
			);
			name = InfoPlist.strings;
			sourceTree = "<group>";
		};
		DE2C42F81639677D008E6659 /* MainStoryboard.storyboard */ = {
			isa = PBXVariantGroup;
			children = (
				DE2C42F91639677D008E6659 /* en */,
			);
			name = MainStoryboard.storyboard;
			sourceTree = "<group>";
		};
/* End PBXVariantGroup section */

/* Begin XCBuildConfiguration section */
		DE2C42FE1639677D008E6659 /* Debug */ = {
			isa = XCBuildConfiguration;
			buildSettings = {
				ALWAYS_SEARCH_USER_PATHS = NO;
				CLANG_CXX_LANGUAGE_STANDARD = "gnu++0x";
				CLANG_CXX_LIBRARY = "libc++";
				CLANG_ENABLE_OBJC_ARC = YES;
				CLANG_WARN_EMPTY_BODY = YES;
				CLANG_WARN__DUPLICATE_METHOD_MATCH = YES;
				"CODE_SIGN_IDENTITY[sdk=iphoneos*]" = "iPhone Developer";
				COPY_PHASE_STRIP = NO;
				GCC_C_LANGUAGE_STANDARD = gnu99;
				GCC_DYNAMIC_NO_PIC = NO;
				GCC_OPTIMIZATION_LEVEL = 0;
				GCC_PREPROCESSOR_DEFINITIONS = (
					"DEBUG=1",
					"$(inherited)",
				);
				GCC_SYMBOLS_PRIVATE_EXTERN = NO;
				GCC_WARN_ABOUT_RETURN_TYPE = YES;
				GCC_WARN_UNINITIALIZED_AUTOS = YES;
				GCC_WARN_UNUSED_VARIABLE = YES;
				IPHONEOS_DEPLOYMENT_TARGET = 6.0;
				ONLY_ACTIVE_ARCH = YES;
				SDKROOT = iphoneos;
				TARGETED_DEVICE_FAMILY = 2;
			};
			name = Debug;
		};
		DE2C42FF1639677D008E6659 /* Release */ = {
			isa = XCBuildConfiguration;
			buildSettings = {
				ALWAYS_SEARCH_USER_PATHS = NO;
				CLANG_CXX_LANGUAGE_STANDARD = "gnu++0x";
				CLANG_CXX_LIBRARY = "libc++";
				CLANG_ENABLE_OBJC_ARC = YES;
				CLANG_WARN_EMPTY_BODY = YES;
				CLANG_WARN__DUPLICATE_METHOD_MATCH = YES;
				"CODE_SIGN_IDENTITY[sdk=iphoneos*]" = "iPhone Developer";
				COPY_PHASE_STRIP = YES;
				GCC_C_LANGUAGE_STANDARD = gnu99;
				GCC_WARN_ABOUT_RETURN_TYPE = YES;
				GCC_WARN_UNINITIALIZED_AUTOS = YES;
				GCC_WARN_UNUSED_VARIABLE = YES;
				IPHONEOS_DEPLOYMENT_TARGET = 6.0;
				OTHER_CFLAGS = "-DNS_BLOCK_ASSERTIONS=1";
				SDKROOT = iphoneos;
				TARGETED_DEVICE_FAMILY = 2;
				VALIDATE_PRODUCT = YES;
			};
			name = Release;
		};
		DE2C43011639677D008E6659 /* Debug */ = {
			isa = XCBuildConfiguration;
			buildSettings = {
				GCC_PRECOMPILE_PREFIX_HEADER = YES;
				GCC_PREFIX_HEADER = "Converter/Converter-Prefix.pch";
				INFOPLIST_FILE = "Converter/Converter-Info.plist";
				PRODUCT_NAME = "$(TARGET_NAME)";
				WRAPPER_EXTENSION = app;
			};
			name = Debug;
		};
		DE2C43021639677D008E6659 /* Release */ = {
			isa = XCBuildConfiguration;
			buildSettings = {
				GCC_PRECOMPILE_PREFIX_HEADER = YES;
				GCC_PREFIX_HEADER = "Converter/Converter-Prefix.pch";
				INFOPLIST_FILE = "Converter/Converter-Info.plist";
				PRODUCT_NAME = "$(TARGET_NAME)";
				WRAPPER_EXTENSION = app;
			};
			name = Release;
		};
/* End XCBuildConfiguration section */

/* Begin XCConfigurationList section */
		DE2C42D61639677D008E6659 /* Build configuration list for PBXProject "Converter" */ = {
			isa = XCConfigurationList;
			buildConfigurations = (
				DE2C42FE1639677D008E6659 /* Debug */,
				DE2C42FF1639677D008E6659 /* Release */,
			);
			defaultConfigurationIsVisible = 0;
			defaultConfigurationName = Release;
		};
		DE2C43001639677D008E6659 /* Build configuration list for PBXNativeTarget "Converter" */ = {
			isa = XCConfigurationList;
			buildConfigurations = (
				DE2C43011639677D008E6659 /* Debug */,
				DE2C43021639677D008E6659 /* Release */,
			);
			defaultConfigurationIsVisible = 0;
			defaultConfigurationName = Release;
		};
/* End XCConfigurationList section */
	};
	rootObject = DE2C42D31639677D008E6659 /* Project object */;
}
