// !$*UTF8*$!
{
	archiveVersion = 1;
	classes = {
	};
	objectVersion = 46;
	objects = {

/* Begin PBXBuildFile section */
		DE12D590168C739400D5A5A8 /* Foundation.framework in Frameworks */ = {isa = PBXBuildFile; fileRef = DE12D58F168C739400D5A5A8 /* Foundation.framework */; };
		DE12D595168C739400D5A5A8 /* CLBSimlib.h in CopyFiles */ = {isa = PBXBuildFile; fileRef = DE12D594168C739400D5A5A8 /* CLBSimlib.h */; };
		DE12D597168C739400D5A5A8 /* CLBSimlib.m in Sources */ = {isa = PBXBuildFile; fileRef = DE12D596168C739400D5A5A8 /* CLBSimlib.m */; };
		DE12D59F168C739400D5A5A8 /* SenTestingKit.framework in Frameworks */ = {isa = PBXBuildFile; fileRef = DE12D59E168C739400D5A5A8 /* SenTestingKit.framework */; };
		DE12D5A1168C739400D5A5A8 /* UIKit.framework in Frameworks */ = {isa = PBXBuildFile; fileRef = DE12D5A0168C739400D5A5A8 /* UIKit.framework */; };
		DE12D5A2168C739400D5A5A8 /* Foundation.framework in Frameworks */ = {isa = PBXBuildFile; fileRef = DE12D58F168C739400D5A5A8 /* Foundation.framework */; };
		DE12D5A5168C739400D5A5A8 /* libCLBSimlib.a in Frameworks */ = {isa = PBXBuildFile; fileRef = DE12D58C168C739400D5A5A8 /* libCLBSimlib.a */; };
		DE12D5AB168C739400D5A5A8 /* InfoPlist.strings in Resources */ = {isa = PBXBuildFile; fileRef = DE12D5A9168C739400D5A5A8 /* InfoPlist.strings */; };
		DE12D5AE168C739400D5A5A8 /* CLBSimlibTests.m in Sources */ = {isa = PBXBuildFile; fileRef = DE12D5AD168C739400D5A5A8 /* CLBSimlibTests.m */; };
/* End PBXBuildFile section */

/* Begin PBXContainerItemProxy section */
		DE12D5A3168C739400D5A5A8 /* PBXContainerItemProxy */ = {
			isa = PBXContainerItemProxy;
			containerPortal = DE12D583168C739400D5A5A8 /* Project object */;
			proxyType = 1;
			remoteGlobalIDString = DE12D58B168C739400D5A5A8;
			remoteInfo = CLBSimlib;
		};
/* End PBXContainerItemProxy section */

/* Begin PBXCopyFilesBuildPhase section */
		DE12D58A168C739400D5A5A8 /* CopyFiles */ = {
			isa = PBXCopyFilesBuildPhase;
			buildActionMask = 2147483647;
			dstPath = "include/${PRODUCT_NAME}";
			dstSubfolderSpec = 16;
			files = (
				DE12D595168C739400D5A5A8 /* CLBSimlib.h in CopyFiles */,
			);
			runOnlyForDeploymentPostprocessing = 0;
		};
/* End PBXCopyFilesBuildPhase section */

/* Begin PBXFileReference section */
		DE12D58C168C739400D5A5A8 /* libCLBSimlib.a */ = {isa = PBXFileReference; explicitFileType = archive.ar; includeInIndex = 0; path = libCLBSimlib.a; sourceTree = BUILT_PRODUCTS_DIR; };
		DE12D58F168C739400D5A5A8 /* Foundation.framework */ = {isa = PBXFileReference; lastKnownFileType = wrapper.framework; name = Foundation.framework; path = System/Library/Frameworks/Foundation.framework; sourceTree = SDKROOT; };
		DE12D593168C739400D5A5A8 /* CLBSimlib-Prefix.pch */ = {isa = PBXFileReference; lastKnownFileType = sourcecode.c.h; path = "CLBSimlib-Prefix.pch"; sourceTree = "<group>"; };
		DE12D594168C739400D5A5A8 /* CLBSimlib.h */ = {isa = PBXFileReference; lastKnownFileType = sourcecode.c.h; path = CLBSimlib.h; sourceTree = "<group>"; };
		DE12D596168C739400D5A5A8 /* CLBSimlib.m */ = {isa = PBXFileReference; lastKnownFileType = sourcecode.c.objc; path = CLBSimlib.m; sourceTree = "<group>"; };
		DE12D59D168C739400D5A5A8 /* CLBSimlibTests.octest */ = {isa = PBXFileReference; explicitFileType = wrapper.cfbundle; includeInIndex = 0; path = CLBSimlibTests.octest; sourceTree = BUILT_PRODUCTS_DIR; };
		DE12D59E168C739400D5A5A8 /* SenTestingKit.framework */ = {isa = PBXFileReference; lastKnownFileType = wrapper.framework; name = SenTestingKit.framework; path = Library/Frameworks/SenTestingKit.framework; sourceTree = DEVELOPER_DIR; };
		DE12D5A0168C739400D5A5A8 /* UIKit.framework */ = {isa = PBXFileReference; lastKnownFileType = wrapper.framework; name = UIKit.framework; path = Library/Frameworks/UIKit.framework; sourceTree = DEVELOPER_DIR; };
		DE12D5A8168C739400D5A5A8 /* CLBSimlibTests-Info.plist */ = {isa = PBXFileReference; lastKnownFileType = text.plist.xml; path = "CLBSimlibTests-Info.plist"; sourceTree = "<group>"; };
		DE12D5AA168C739400D5A5A8 /* en */ = {isa = PBXFileReference; lastKnownFileType = text.plist.strings; name = en; path = en.lproj/InfoPlist.strings; sourceTree = "<group>"; };
		DE12D5AC168C739400D5A5A8 /* CLBSimlibTests.h */ = {isa = PBXFileReference; lastKnownFileType = sourcecode.c.h; path = CLBSimlibTests.h; sourceTree = "<group>"; };
		DE12D5AD168C739400D5A5A8 /* CLBSimlibTests.m */ = {isa = PBXFileReference; lastKnownFileType = sourcecode.c.objc; path = CLBSimlibTests.m; sourceTree = "<group>"; };
/* End PBXFileReference section */

/* Begin PBXFrameworksBuildPhase section */
		DE12D589168C739400D5A5A8 /* Frameworks */ = {
			isa = PBXFrameworksBuildPhase;
			buildActionMask = 2147483647;
			files = (
				DE12D590168C739400D5A5A8 /* Foundation.framework in Frameworks */,
			);
			runOnlyForDeploymentPostprocessing = 0;
		};
		DE12D599168C739400D5A5A8 /* Frameworks */ = {
			isa = PBXFrameworksBuildPhase;
			buildActionMask = 2147483647;
			files = (
				DE12D59F168C739400D5A5A8 /* SenTestingKit.framework in Frameworks */,
				DE12D5A1168C739400D5A5A8 /* UIKit.framework in Frameworks */,
				DE12D5A2168C739400D5A5A8 /* Foundation.framework in Frameworks */,
				DE12D5A5168C739400D5A5A8 /* libCLBSimlib.a in Frameworks */,
			);
			runOnlyForDeploymentPostprocessing = 0;
		};
/* End PBXFrameworksBuildPhase section */

/* Begin PBXGroup section */
		DE12D581168C739400D5A5A8 = {
			isa = PBXGroup;
			children = (
				DE12D591168C739400D5A5A8 /* CLBSimlib */,
				DE12D5A6168C739400D5A5A8 /* CLBSimlibTests */,
				DE12D58E168C739400D5A5A8 /* Frameworks */,
				DE12D58D168C739400D5A5A8 /* Products */,
			);
			sourceTree = "<group>";
		};
		DE12D58D168C739400D5A5A8 /* Products */ = {
			isa = PBXGroup;
			children = (
				DE12D58C168C739400D5A5A8 /* libCLBSimlib.a */,
				DE12D59D168C739400D5A5A8 /* CLBSimlibTests.octest */,
			);
			name = Products;
			sourceTree = "<group>";
		};
		DE12D58E168C739400D5A5A8 /* Frameworks */ = {
			isa = PBXGroup;
			children = (
				DE12D58F168C739400D5A5A8 /* Foundation.framework */,
				DE12D59E168C739400D5A5A8 /* SenTestingKit.framework */,
				DE12D5A0168C739400D5A5A8 /* UIKit.framework */,
			);
			name = Frameworks;
			sourceTree = "<group>";
		};
		DE12D591168C739400D5A5A8 /* CLBSimlib */ = {
			isa = PBXGroup;
			children = (
				DE12D594168C739400D5A5A8 /* CLBSimlib.h */,
				DE12D596168C739400D5A5A8 /* CLBSimlib.m */,
				DE12D592168C739400D5A5A8 /* Supporting Files */,
			);
			path = CLBSimlib;
			sourceTree = "<group>";
		};
		DE12D592168C739400D5A5A8 /* Supporting Files */ = {
			isa = PBXGroup;
			children = (
				DE12D593168C739400D5A5A8 /* CLBSimlib-Prefix.pch */,
			);
			name = "Supporting Files";
			sourceTree = "<group>";
		};
		DE12D5A6168C739400D5A5A8 /* CLBSimlibTests */ = {
			isa = PBXGroup;
			children = (
				DE12D5AC168C739400D5A5A8 /* CLBSimlibTests.h */,
				DE12D5AD168C739400D5A5A8 /* CLBSimlibTests.m */,
				DE12D5A7168C739400D5A5A8 /* Supporting Files */,
			);
			path = CLBSimlibTests;
			sourceTree = "<group>";
		};
		DE12D5A7168C739400D5A5A8 /* Supporting Files */ = {
			isa = PBXGroup;
			children = (
				DE12D5A8168C739400D5A5A8 /* CLBSimlibTests-Info.plist */,
				DE12D5A9168C739400D5A5A8 /* InfoPlist.strings */,
			);
			name = "Supporting Files";
			sourceTree = "<group>";
		};
/* End PBXGroup section */

/* Begin PBXNativeTarget section */
		DE12D58B168C739400D5A5A8 /* CLBSimlib */ = {
			isa = PBXNativeTarget;
			buildConfigurationList = DE12D5B1168C739400D5A5A8 /* Build configuration list for PBXNativeTarget "CLBSimlib" */;
			buildPhases = (
				DE12D588168C739400D5A5A8 /* Sources */,
				DE12D589168C739400D5A5A8 /* Frameworks */,
				DE12D58A168C739400D5A5A8 /* CopyFiles */,
			);
			buildRules = (
			);
			dependencies = (
			);
			name = CLBSimlib;
			productName = CLBSimlib;
			productReference = DE12D58C168C739400D5A5A8 /* libCLBSimlib.a */;
			productType = "com.apple.product-type.library.static";
		};
		DE12D59C168C739400D5A5A8 /* CLBSimlibTests */ = {
			isa = PBXNativeTarget;
			buildConfigurationList = DE12D5B4168C739400D5A5A8 /* Build configuration list for PBXNativeTarget "CLBSimlibTests" */;
			buildPhases = (
				DE12D598168C739400D5A5A8 /* Sources */,
				DE12D599168C739400D5A5A8 /* Frameworks */,
				DE12D59A168C739400D5A5A8 /* Resources */,
				DE12D59B168C739400D5A5A8 /* ShellScript */,
			);
			buildRules = (
			);
			dependencies = (
				DE12D5A4168C739400D5A5A8 /* PBXTargetDependency */,
			);
			name = CLBSimlibTests;
			productName = CLBSimlibTests;
			productReference = DE12D59D168C739400D5A5A8 /* CLBSimlibTests.octest */;
			productType = "com.apple.product-type.bundle";
		};
/* End PBXNativeTarget section */

/* Begin PBXProject section */
		DE12D583168C739400D5A5A8 /* Project object */ = {
			isa = PBXProject;
			attributes = {
				LastUpgradeCheck = 0450;
				ORGANIZATIONNAME = "Daniel Schmidt";
			};
			buildConfigurationList = DE12D586168C739400D5A5A8 /* Build configuration list for PBXProject "CLBSimlib" */;
			compatibilityVersion = "Xcode 3.2";
			developmentRegion = English;
			hasScannedForEncodings = 0;
			knownRegions = (
				en,
			);
			mainGroup = DE12D581168C739400D5A5A8;
			productRefGroup = DE12D58D168C739400D5A5A8 /* Products */;
			projectDirPath = "";
			projectRoot = "";
			targets = (
				DE12D58B168C739400D5A5A8 /* CLBSimlib */,
				DE12D59C168C739400D5A5A8 /* CLBSimlibTests */,
			);
		};
/* End PBXProject section */

/* Begin PBXResourcesBuildPhase section */
		DE12D59A168C739400D5A5A8 /* Resources */ = {
			isa = PBXResourcesBuildPhase;
			buildActionMask = 2147483647;
			files = (
				DE12D5AB168C739400D5A5A8 /* InfoPlist.strings in Resources */,
			);
			runOnlyForDeploymentPostprocessing = 0;
		};
/* End PBXResourcesBuildPhase section */

/* Begin PBXShellScriptBuildPhase section */
		DE12D59B168C739400D5A5A8 /* ShellScript */ = {
			isa = PBXShellScriptBuildPhase;
			buildActionMask = 2147483647;
			files = (
			);
			inputPaths = (
			);
			outputPaths = (
			);
			runOnlyForDeploymentPostprocessing = 0;
			shellPath = /bin/sh;
			shellScript = "# Run the unit tests in this test bundle.\n\"${SYSTEM_DEVELOPER_DIR}/Tools/RunUnitTests\"\n";
		};
/* End PBXShellScriptBuildPhase section */

/* Begin PBXSourcesBuildPhase section */
		DE12D588168C739400D5A5A8 /* Sources */ = {
			isa = PBXSourcesBuildPhase;
			buildActionMask = 2147483647;
			files = (
				DE12D597168C739400D5A5A8 /* CLBSimlib.m in Sources */,
			);
			runOnlyForDeploymentPostprocessing = 0;
		};
		DE12D598168C739400D5A5A8 /* Sources */ = {
			isa = PBXSourcesBuildPhase;
			buildActionMask = 2147483647;
			files = (
				DE12D5AE168C739400D5A5A8 /* CLBSimlibTests.m in Sources */,
			);
			runOnlyForDeploymentPostprocessing = 0;
		};
/* End PBXSourcesBuildPhase section */

/* Begin PBXTargetDependency section */
		DE12D5A4168C739400D5A5A8 /* PBXTargetDependency */ = {
			isa = PBXTargetDependency;
			target = DE12D58B168C739400D5A5A8 /* CLBSimlib */;
			targetProxy = DE12D5A3168C739400D5A5A8 /* PBXContainerItemProxy */;
		};
/* End PBXTargetDependency section */

/* Begin PBXVariantGroup section */
		DE12D5A9168C739400D5A5A8 /* InfoPlist.strings */ = {
			isa = PBXVariantGroup;
			children = (
				DE12D5AA168C739400D5A5A8 /* en */,
			);
			name = InfoPlist.strings;
			sourceTree = "<group>";
		};
/* End PBXVariantGroup section */

/* Begin XCBuildConfiguration section */
		DE12D5AF168C739400D5A5A8 /* Debug */ = {
			isa = XCBuildConfiguration;
			buildSettings = {
				ALWAYS_SEARCH_USER_PATHS = NO;
				CLANG_CXX_LANGUAGE_STANDARD = "gnu++0x";
				CLANG_CXX_LIBRARY = "libc++";
				CLANG_ENABLE_OBJC_ARC = YES;
				CLANG_WARN_EMPTY_BODY = YES;
				CLANG_WARN__DUPLICATE_METHOD_MATCH = YES;
				COPY_PHASE_STRIP = NO;
				GCC_C_LANGUAGE_STANDARD = gnu99;
				GCC_DYNAMIC_NO_PIC = NO;
				GCC_OPTIMIZATION_LEVEL = 0;
				GCC_PREPROCESSOR_DEFINITIONS = (
					"DEBUG=1",
					"$(inherited)",
				);
				GCC_SYMBOLS_PRIVATE_EXTERN = NO;
				GCC_WARN_ABOUT_RETURN_TYPE = YES;
				GCC_WARN_UNINITIALIZED_AUTOS = YES;
				GCC_WARN_UNUSED_VARIABLE = YES;
				IPHONEOS_DEPLOYMENT_TARGET = 6.0;
				ONLY_ACTIVE_ARCH = YES;
				SDKROOT = iphoneos;
			};
			name = Debug;
		};
		DE12D5B0168C739400D5A5A8 /* Release */ = {
			isa = XCBuildConfiguration;
			buildSettings = {
				ALWAYS_SEARCH_USER_PATHS = NO;
				CLANG_CXX_LANGUAGE_STANDARD = "gnu++0x";
				CLANG_CXX_LIBRARY = "libc++";
				CLANG_ENABLE_OBJC_ARC = YES;
				CLANG_WARN_EMPTY_BODY = YES;
				CLANG_WARN__DUPLICATE_METHOD_MATCH = YES;
				COPY_PHASE_STRIP = YES;
				GCC_C_LANGUAGE_STANDARD = gnu99;
				GCC_WARN_ABOUT_RETURN_TYPE = YES;
				GCC_WARN_UNINITIALIZED_AUTOS = YES;
				GCC_WARN_UNUSED_VARIABLE = YES;
				IPHONEOS_DEPLOYMENT_TARGET = 6.0;
				SDKROOT = iphoneos;
				VALIDATE_PRODUCT = YES;
			};
			name = Release;
		};
		DE12D5B2168C739400D5A5A8 /* Debug */ = {
			isa = XCBuildConfiguration;
			buildSettings = {
				DSTROOT = /tmp/CLBSimlib.dst;
				GCC_PRECOMPILE_PREFIX_HEADER = YES;
				GCC_PREFIX_HEADER = "CLBSimlib/CLBSimlib-Prefix.pch";
				OTHER_LDFLAGS = "-ObjC";
				PRODUCT_NAME = "$(TARGET_NAME)";
				SKIP_INSTALL = YES;
			};
			name = Debug;
		};
		DE12D5B3168C739400D5A5A8 /* Release */ = {
			isa = XCBuildConfiguration;
			buildSettings = {
				DSTROOT = /tmp/CLBSimlib.dst;
				GCC_PRECOMPILE_PREFIX_HEADER = YES;
				GCC_PREFIX_HEADER = "CLBSimlib/CLBSimlib-Prefix.pch";
				OTHER_LDFLAGS = "-ObjC";
				PRODUCT_NAME = "$(TARGET_NAME)";
				SKIP_INSTALL = YES;
			};
			name = Release;
		};
		DE12D5B5168C739400D5A5A8 /* Debug */ = {
			isa = XCBuildConfiguration;
			buildSettings = {
				FRAMEWORK_SEARCH_PATHS = (
					"\"$(SDKROOT)/Developer/Library/Frameworks\"",
					"\"$(DEVELOPER_LIBRARY_DIR)/Frameworks\"",
				);
				GCC_PRECOMPILE_PREFIX_HEADER = YES;
				GCC_PREFIX_HEADER = "CLBSimlib/CLBSimlib-Prefix.pch";
				INFOPLIST_FILE = "CLBSimlibTests/CLBSimlibTests-Info.plist";
				PRODUCT_NAME = "$(TARGET_NAME)";
				WRAPPER_EXTENSION = octest;
			};
			name = Debug;
		};
		DE12D5B6168C739400D5A5A8 /* Release */ = {
			isa = XCBuildConfiguration;
			buildSettings = {
				FRAMEWORK_SEARCH_PATHS = (
					"\"$(SDKROOT)/Developer/Library/Frameworks\"",
					"\"$(DEVELOPER_LIBRARY_DIR)/Frameworks\"",
				);
				GCC_PRECOMPILE_PREFIX_HEADER = YES;
				GCC_PREFIX_HEADER = "CLBSimlib/CLBSimlib-Prefix.pch";
				INFOPLIST_FILE = "CLBSimlibTests/CLBSimlibTests-Info.plist";
				PRODUCT_NAME = "$(TARGET_NAME)";
				WRAPPER_EXTENSION = octest;
			};
			name = Release;
		};
/* End XCBuildConfiguration section */

/* Begin XCConfigurationList section */
		DE12D586168C739400D5A5A8 /* Build configuration list for PBXProject "CLBSimlib" */ = {
			isa = XCConfigurationList;
			buildConfigurations = (
				DE12D5AF168C739400D5A5A8 /* Debug */,
				DE12D5B0168C739400D5A5A8 /* Release */,
			);
			defaultConfigurationIsVisible = 0;
			defaultConfigurationName = Release;
		};
		DE12D5B1168C739400D5A5A8 /* Build configuration list for PBXNativeTarget "CLBSimlib" */ = {
			isa = XCConfigurationList;
			buildConfigurations = (
				DE12D5B2168C739400D5A5A8 /* Debug */,
				DE12D5B3168C739400D5A5A8 /* Release */,
			);
			defaultConfigurationIsVisible = 0;
		};
		DE12D5B4168C739400D5A5A8 /* Build configuration list for PBXNativeTarget "CLBSimlibTests" */ = {
			isa = XCConfigurationList;
			buildConfigurations = (
				DE12D5B5168C739400D5A5A8 /* Debug */,
				DE12D5B6168C739400D5A5A8 /* Release */,
			);
			defaultConfigurationIsVisible = 0;
		};
/* End XCConfigurationList section */
	};
	rootObject = DE12D583168C739400D5A5A8 /* Project object */;
}
